
Microsoft Visual Studio Solution File, Format Version 12.00
# Visual Studio Version 16
VisualStudioVersion = 16.0.31424.327
MinimumVisualStudioVersion = 10.0.40219.1
Project("{FAE04EC0-301F-11D3-BF4B-00C04F79EFBC}") = "CodeChallenge", "CodeChallenge\CodeChallenge.csproj", "{848C06BD-4296-4C6F-94AC-07A7E5F33D1D}"
EndProject
Project("{FAE04EC0-301F-11D3-BF4B-00C04F79EFBC}") = "CodeChallenge_tests", "CodeChallenge_tests\CodeChallenge_tests.csproj", "{083421E5-BC73-4B06-887D-8A504BDAC4B3}"
EndProject
Global
	GlobalSection(SolutionConfigurationPlatforms) = preSolution
		Debug|Any CPU = Debug|Any CPU
		Release|Any CPU = Release|Any CPU
	EndGlobalSection
	GlobalSection(ProjectConfigurationPlatforms) = postSolution
		{848C06BD-4296-4C6F-94AC-07A7E5F33D1D}.Debug|Any CPU.ActiveCfg = Debug|Any CPU
		{848C06BD-4296-4C6F-94AC-07A7E5F33D1D}.Debug|Any CPU.Build.0 = Debug|Any CPU
		{848C06BD-4296-4C6F-94AC-07A7E5F33D1D}.Release|Any CPU.ActiveCfg = Release|Any CPU
		{848C06BD-4296-4C6F-94AC-07A7E5F33D1D}.Release|Any CPU.Build.0 = Release|Any CPU
		{083421E5-BC73-4B06-887D-8A504BDAC4B3}.Debug|Any CPU.ActiveCfg = Debug|Any CPU
		{083421E5-BC73-4B06-887D-8A504BDAC4B3}.Debug|Any CPU.Build.0 = Debug|Any CPU
		{083421E5-BC73-4B06-887D-8A504BDAC4B3}.Release|Any CPU.ActiveCfg = Release|Any CPU
		{083421E5-BC73-4B06-887D-8A504BDAC4B3}.Release|Any CPU.Build.0 = Release|Any CPU
	EndGlobalSection
	GlobalSection(SolutionProperties) = preSolution
		HideSolutionNode = FALSE
	EndGlobalSection
	GlobalSection(ExtensibilityGlobals) = postSolution
		SolutionGuid = {2155AB7D-33B1-4BF9-9A15-058AE9C2F8BC}
	EndGlobalSection
EndGlobal
